# This file is automatically @generated by Cargo.
# It is not intended for manual editing.
version = 4

[[package]]
name = "vgpu-core"
version = "0.1.0"

[[package]]
name = "vgpu-proto"
version = "0.1.0"
dependencies = [
 "vgpu-core",
]

[[package]]
name = "vgpu-shim"
version = "0.1.0"
dependencies = [
 "vgpu-core",
 "vgpu-proto",
 "vgpud",
]

[[package]]
name = "vgpud"
version = "0.1.0"
dependencies = [
 "vgpu-core",
 "vgpu-proto",
]
